lockfileVersion: '6.0'

dependencies:
  '@hono/node-server':
    specifier: ^1.11.2
    version: 1.11.2
  hono:
    specifier: ^4.4.4
    version: 4.4.4

devDependencies:
  '@types/node':
    specifier: ^20.11.17
    version: 20.11.17
  tsx:
    specifier: ^4.7.1
    version: 4.7.1
  typescript:
    specifier: ^5.0.0
    version: 5.0.4

packages:
  '@hono/node-server@1.11.2':
    resolution: {integrity: sha512-qNQh1bMjvKf8HhfyMY1po1lX+oEUWFv+QX+YSLHdE5rkm9sVbcYNPcXq0n0hZDhYUw+kdVLCOggyf/v9gFqLA==}
    engines: {node: '>=18.0.0'}
    dependencies:
      hono: 4.4.4
    dev: false

  '@types/node@20.11.17':
    resolution: {integrity: sha512-QmgQZGWu1Yw9TDyAP9ZzpFJKynhLK/NJj0HJ4c7sAbUkWVNs6GCcw+Pq8UO+6T5l0ZyCYS8Nk+v8H1HvHZmFw==}
    dependencies:
      undici-types: 5.26.5
    dev: true

  /hono@4.4.4:
    resolution: {integrity: sha512-FbT7GaG6FPAohJ4YdClQz2E0ySudaTy9A/mZpz83TbUE9uWFfEGcyeuP7D+s0Q5KqvYiJrHxm1MFV+ByJcuRHA==}
    engines: {node: '>=16.0.0'}
    dev: false

  /tsx@4.7.1:
    resolution: {integrity: sha512-8d3qa03gYYRTpdaZQllr3l2aCNjCVrStR+Low2kT3G9MUjadYf6RFU26RZXt/yCf1WBnfZXLKTB5QbsrG4SOjw==}
    engines: {node: '>=18.0.0'}
    hasBin: true
    dependencies:
      esbuild: 0.18.20
      get-tsconfig: 4.7.2
    optionalDependencies:
      fsevents: 2.3.3
    dev: true

  /typescript@5.0.4:
    resolution: {integrity: sha512-cW9T5W9xY37cc+jfEnaUvX91foxtHkza3Nw3wkoF4sSlKn0MONdkdEndig/qPBWXNkmplh3NzayQzCiHM4/hqw==}
    engines: {node: '>=12.20'}
    hasBin: true
    dev: true

  /undici-types@5.26.5:
    resolution: {integrity: sha512-JlCMO+ehdEIKqlFxk6IfVoAUVmgz7cU7zD/h9XZ0qzeosSHmUJVOzSQvvYSYWXkFXC+IfLKSIffhv0sVZup6g==}
    dev: true

  /esbuild@0.18.20:
    resolution: {integrity: sha512-ceqxoedUrcayh7Y7ZX6NdbbDzGROiyVBgC4PriJThBKSVPWnnFHZAkfI1lJT8QFkOwH4qOS2SJkS4wvpGl8BpA==}
    engines: {node: '>=12'}
    hasBin: true
    requiresBuild: true
    optionalDependencies:
      '@esbuild/android-arm': 0.18.20
      '@esbuild/android-arm64': 0.18.20
      '@esbuild/android-x64': 0.18.20
      '@esbuild/darwin-arm64': 0.18.20
      '@esbuild/darwin-x64': 0.18.20
      '@esbuild/freebsd-arm64': 0.18.20
      '@esbuild/freebsd-x64': 0.18.20
      '@esbuild/linux-arm': 0.18.20
      '@esbuild/linux-arm64': 0.18.20
      '@esbuild/linux-ia32': 0.18.20
      '@esbuild/linux-loong64': 0.18.20
      '@esbuild/linux-mips64el': 0.18.20
      '@esbuild/linux-ppc64': 0.18.20
      '@esbuild/linux-riscv64': 0.18.20
      '@esbuild/linux-s390x': 0.18.20
      '@esbuild/linux-x64': 0.18.20
      '@esbuild/netbsd-x64': 0.18.20
      '@esbuild/openbsd-x64': 0.18.20
      '@esbuild/sunos-x64': 0.18.20
      '@esbuild/win32-arm64': 0.18.20
      '@esbuild/win32-ia32': 0.18.20
      '@esbuild/win32-x64': 0.18.20
    dev: true

  /get-tsconfig@4.7.2:
    resolution: {integrity: sha512-wuMsz4leaj5hbGgg4IvDU0bqJagpftG5l5cXIAvo8uZrqn0NJqwtfupTN00VnkQJPcIRrxYrm1Ue24btpCha2A==}
    dependencies:
      resolve-pkg-maps: 1.0.0
    dev: true

  /resolve-pkg-maps@1.0.0:
    resolution: {integrity: sha512-seS2Tj26TBVOC2NIc2rOe2y2ZO7efxITtLZcGSOnHHNOQ7CkiUBfw0Iw2ck6xkIhPwLhKNLS8BO+hEpngQlqzw==}
    dev: true
